
Microsoft Visual Studio Solution File, Format Version 12.00
# Visual Studio Version 16
VisualStudioVersion = 16.0.28315.86
MinimumVisualStudioVersion = 10.0.40219.1
Project("{FAE04EC0-301F-11D3-BF4B-00C04F79EFBC}") = "TAMPAL", "TAMPAL.csproj", "{24A4B55A-B2D0-49FE-BC8A-742F24CF0126}"
EndProject
Global
	GlobalSection(SolutionConfigurationPlatforms) = preSolution
		Debug|Any CPU = Debug|Any CPU
		Release|Any CPU = Release|Any CPU
	EndGlobalSection
	GlobalSection(ProjectConfigurationPlatforms) = postSolution
		{24A4B55A-B2D0-49FE-BC8A-742F24CF0126}.Debug|Any CPU.ActiveCfg = Debug|Any CPU
		{24A4B55A-B2D0-49FE-BC8A-742F24CF0126}.Debug|Any CPU.Build.0 = Debug|Any CPU
		{24A4B55A-B2D0-49FE-BC8A-742F24CF0126}.Release|Any CPU.ActiveCfg = Release|Any CPU
		{24A4B55A-B2D0-49FE-BC8A-742F24CF0126}.Release|Any CPU.Build.0 = Release|Any CPU
	EndGlobalSection
	GlobalSection(SolutionProperties) = preSolution
		HideSolutionNode = FALSE
	EndGlobalSection
	GlobalSection(ExtensibilityGlobals) = postSolution
		SolutionGuid = {50838FFB-693B-4C77-B26F-816EA757DB97}
	EndGlobalSection
EndGlobal
