
Microsoft Visual Studio Solution File, Format Version 12.00
# Visual Studio Version 16
VisualStudioVersion = 16.0.28407.52
MinimumVisualStudioVersion = 10.0.40219.1
Project("{FAE04EC0-301F-11D3-BF4B-00C04F79EFBC}") = "ROBOT", "ROBOT\ROBOT.csproj", "{62958208-8473-41E6-A024-846D8F0FF523}"
EndProject
Global
	GlobalSection(SolutionConfigurationPlatforms) = preSolution
		Debug|Any CPU = Debug|Any CPU
		Release|Any CPU = Release|Any CPU
	EndGlobalSection
	GlobalSection(ProjectConfigurationPlatforms) = postSolution
		{62958208-8473-41E6-A024-846D8F0FF523}.Debug|Any CPU.ActiveCfg = Debug|Any CPU
		{62958208-8473-41E6-A024-846D8F0FF523}.Debug|Any CPU.Build.0 = Debug|Any CPU
		{62958208-8473-41E6-A024-846D8F0FF523}.Release|Any CPU.ActiveCfg = Release|Any CPU
		{62958208-8473-41E6-A024-846D8F0FF523}.Release|Any CPU.Build.0 = Release|Any CPU
	EndGlobalSection
	GlobalSection(SolutionProperties) = preSolution
		HideSolutionNode = FALSE
	EndGlobalSection
	GlobalSection(ExtensibilityGlobals) = postSolution
		SolutionGuid = {0B984D56-E23D-45FA-B325-50F75AE9259D}
	EndGlobalSection
EndGlobal
