
Microsoft Visual Studio Solution File, Format Version 12.00
# Visual Studio Version 16
VisualStudioVersion = 16.0.28315.86
MinimumVisualStudioVersion = 10.0.40219.1
Project("{FAE04EC0-301F-11D3-BF4B-00C04F79EFBC}") = "MLLING", "MLLING.csproj", "{993D59D3-D1C9-4281-832A-99870D848A56}"
EndProject
Global
	GlobalSection(SolutionConfigurationPlatforms) = preSolution
		Debug|Any CPU = Debug|Any CPU
		Release|Any CPU = Release|Any CPU
	EndGlobalSection
	GlobalSection(ProjectConfigurationPlatforms) = postSolution
		{993D59D3-D1C9-4281-832A-99870D848A56}.Debug|Any CPU.ActiveCfg = Debug|Any CPU
		{993D59D3-D1C9-4281-832A-99870D848A56}.Debug|Any CPU.Build.0 = Debug|Any CPU
		{993D59D3-D1C9-4281-832A-99870D848A56}.Release|Any CPU.ActiveCfg = Release|Any CPU
		{993D59D3-D1C9-4281-832A-99870D848A56}.Release|Any CPU.Build.0 = Release|Any CPU
	EndGlobalSection
	GlobalSection(SolutionProperties) = preSolution
		HideSolutionNode = FALSE
	EndGlobalSection
	GlobalSection(ExtensibilityGlobals) = postSolution
		SolutionGuid = {60E12E5E-CCB2-40FA-8B72-6E5668306D16}
	EndGlobalSection
EndGlobal
