
Microsoft Visual Studio Solution File, Format Version 12.00
# Visual Studio Version 16
VisualStudioVersion = 16.0.28315.86
MinimumVisualStudioVersion = 10.0.40219.1
Project("{FAE04EC0-301F-11D3-BF4B-00C04F79EFBC}") = "STRND", "STRND.csproj", "{FC28B176-9373-41E9-8D5F-04CF49302C0C}"
EndProject
Global
	GlobalSection(SolutionConfigurationPlatforms) = preSolution
		Debug|Any CPU = Debug|Any CPU
		Release|Any CPU = Release|Any CPU
	EndGlobalSection
	GlobalSection(ProjectConfigurationPlatforms) = postSolution
		{FC28B176-9373-41E9-8D5F-04CF49302C0C}.Debug|Any CPU.ActiveCfg = Debug|Any CPU
		{FC28B176-9373-41E9-8D5F-04CF49302C0C}.Debug|Any CPU.Build.0 = Debug|Any CPU
		{FC28B176-9373-41E9-8D5F-04CF49302C0C}.Release|Any CPU.ActiveCfg = Release|Any CPU
		{FC28B176-9373-41E9-8D5F-04CF49302C0C}.Release|Any CPU.Build.0 = Release|Any CPU
	EndGlobalSection
	GlobalSection(SolutionProperties) = preSolution
		HideSolutionNode = FALSE
	EndGlobalSection
	GlobalSection(ExtensibilityGlobals) = postSolution
		SolutionGuid = {7B08B4A7-5990-4A4F-80BD-3F9F3BF7B4EA}
	EndGlobalSection
EndGlobal
