
Microsoft Visual Studio Solution File, Format Version 12.00
# Visual Studio Version 16
VisualStudioVersion = 16.0.28407.52
MinimumVisualStudioVersion = 10.0.40219.1
Project("{FAE04EC0-301F-11D3-BF4B-00C04F79EFBC}") = "MATANL", "MATANL.csproj", "{15770357-E483-4A33-859C-11CFAA92F452}"
EndProject
Global
	GlobalSection(SolutionConfigurationPlatforms) = preSolution
		Debug|Any CPU = Debug|Any CPU
		Release|Any CPU = Release|Any CPU
	EndGlobalSection
	GlobalSection(ProjectConfigurationPlatforms) = postSolution
		{15770357-E483-4A33-859C-11CFAA92F452}.Debug|Any CPU.ActiveCfg = Debug|Any CPU
		{15770357-E483-4A33-859C-11CFAA92F452}.Debug|Any CPU.Build.0 = Debug|Any CPU
		{15770357-E483-4A33-859C-11CFAA92F452}.Release|Any CPU.ActiveCfg = Release|Any CPU
		{15770357-E483-4A33-859C-11CFAA92F452}.Release|Any CPU.Build.0 = Release|Any CPU
	EndGlobalSection
	GlobalSection(SolutionProperties) = preSolution
		HideSolutionNode = FALSE
	EndGlobalSection
	GlobalSection(ExtensibilityGlobals) = postSolution
		SolutionGuid = {DD64218F-EB02-423A-97BB-98DFF1713182}
	EndGlobalSection
EndGlobal
